
Microsoft Visual Studio Solution File, Format Version 12.00
# Visual Studio Version 16
VisualStudioVersion = 16.0.30907.101
MinimumVisualStudioVersion = 10.0.40219.1
Project("{9A19103F-16F7-4668-BE54-9A1E7A4F7556}") = "Business", "Business\Business.csproj", "{36FCF6DD-08CD-4B7E-B658-9166DDD67B9D}"
EndProject
Project("{9A19103F-16F7-4668-BE54-9A1E7A4F7556}") = "Entities", "Entities\Entities.csproj", "{32CA5C5A-C811-43C9-81EA-E422998026F1}"
EndProject
Project("{9A19103F-16F7-4668-BE54-9A1E7A4F7556}") = "DataAccess", "DataAccess\DataAccess.csproj", "{EC58C6DC-8AC4-4A26-9DAE-13043FF9D274}"
EndProject
Project("{9A19103F-16F7-4668-BE54-9A1E7A4F7556}") = "ConsoleUI", "ConsoleUI\ConsoleUI.csproj", "{559D7F5B-5821-46AC-8B1F-5AB7C99965F6}"
EndProject
Project("{9A19103F-16F7-4668-BE54-9A1E7A4F7556}") = "Core", "Core\Core.csproj", "{8C404A02-A8B3-41A5-B2C3-DBF10EA19A77}"
EndProject
Project("{FAE04EC0-301F-11D3-BF4B-00C04F79EFBC}") = "WebAPI", "WebAPI\WebAPI.csproj", "{16AB42A1-0363-486B-A775-76D4A1ADB8C7}"
EndProject
Global
	GlobalSection(SolutionConfigurationPlatforms) = preSolution
		Debug|Any CPU = Debug|Any CPU
		Release|Any CPU = Release|Any CPU
	EndGlobalSection
	GlobalSection(ProjectConfigurationPlatforms) = postSolution
		{36FCF6DD-08CD-4B7E-B658-9166DDD67B9D}.Debug|Any CPU.ActiveCfg = Debug|Any CPU
		{36FCF6DD-08CD-4B7E-B658-9166DDD67B9D}.Debug|Any CPU.Build.0 = Debug|Any CPU
		{36FCF6DD-08CD-4B7E-B658-9166DDD67B9D}.Release|Any CPU.ActiveCfg = Release|Any CPU
		{36FCF6DD-08CD-4B7E-B658-9166DDD67B9D}.Release|Any CPU.Build.0 = Release|Any CPU
		{32CA5C5A-C811-43C9-81EA-E422998026F1}.Debug|Any CPU.ActiveCfg = Debug|Any CPU
		{32CA5C5A-C811-43C9-81EA-E422998026F1}.Debug|Any CPU.Build.0 = Debug|Any CPU
		{32CA5C5A-C811-43C9-81EA-E422998026F1}.Release|Any CPU.ActiveCfg = Release|Any CPU
		{32CA5C5A-C811-43C9-81EA-E422998026F1}.Release|Any CPU.Build.0 = Release|Any CPU
		{EC58C6DC-8AC4-4A26-9DAE-13043FF9D274}.Debug|Any CPU.ActiveCfg = Debug|Any CPU
		{EC58C6DC-8AC4-4A26-9DAE-13043FF9D274}.Debug|Any CPU.Build.0 = Debug|Any CPU
		{EC58C6DC-8AC4-4A26-9DAE-13043FF9D274}.Release|Any CPU.ActiveCfg = Release|Any CPU
		{EC58C6DC-8AC4-4A26-9DAE-13043FF9D274}.Release|Any CPU.Build.0 = Release|Any CPU
		{559D7F5B-5821-46AC-8B1F-5AB7C99965F6}.Debug|Any CPU.ActiveCfg = Debug|Any CPU
		{559D7F5B-5821-46AC-8B1F-5AB7C99965F6}.Debug|Any CPU.Build.0 = Debug|Any CPU
		{559D7F5B-5821-46AC-8B1F-5AB7C99965F6}.Release|Any CPU.ActiveCfg = Release|Any CPU
		{559D7F5B-5821-46AC-8B1F-5AB7C99965F6}.Release|Any CPU.Build.0 = Release|Any CPU
		{8C404A02-A8B3-41A5-B2C3-DBF10EA19A77}.Debug|Any CPU.ActiveCfg = Debug|Any CPU
		{8C404A02-A8B3-41A5-B2C3-DBF10EA19A77}.Debug|Any CPU.Build.0 = Debug|Any CPU
		{8C404A02-A8B3-41A5-B2C3-DBF10EA19A77}.Release|Any CPU.ActiveCfg = Release|Any CPU
		{8C404A02-A8B3-41A5-B2C3-DBF10EA19A77}.Release|Any CPU.Build.0 = Release|Any CPU
		{16AB42A1-0363-486B-A775-76D4A1ADB8C7}.Debug|Any CPU.ActiveCfg = Debug|Any CPU
		{16AB42A1-0363-486B-A775-76D4A1ADB8C7}.Debug|Any CPU.Build.0 = Debug|Any CPU
		{16AB42A1-0363-486B-A775-76D4A1ADB8C7}.Release|Any CPU.ActiveCfg = Release|Any CPU
		{16AB42A1-0363-486B-A775-76D4A1ADB8C7}.Release|Any CPU.Build.0 = Release|Any CPU
	EndGlobalSection
	GlobalSection(SolutionProperties) = preSolution
		HideSolutionNode = FALSE
	EndGlobalSection
	GlobalSection(ExtensibilityGlobals) = postSolution
		SolutionGuid = {21F2BD4D-F4C9-468C-9491-90595B06ADCA}
	EndGlobalSection
EndGlobal
